
Microsoft Visual Studio Solution File, Format Version 12.00
# Visual Studio 15
VisualStudioVersion = 15.0.28010.2050
MinimumVisualStudioVersion = 10.0.40219.1
Project("{FAE04EC0-301F-11D3-BF4B-00C04F79EFBC}") = "ComicBookGallary", "ComicBookGallary\ComicBookGallary.csproj", "{80CD4319-495C-4962-AF91-8F01A51E5C69}"
EndProject
Global
	GlobalSection(SolutionConfigurationPlatforms) = preSolution
		Debug|Any CPU = Debug|Any CPU
		Release|Any CPU = Release|Any CPU
	EndGlobalSection
	GlobalSection(ProjectConfigurationPlatforms) = postSolution
		{80CD4319-495C-4962-AF91-8F01A51E5C69}.Debug|Any CPU.ActiveCfg = Debug|Any CPU
		{80CD4319-495C-4962-AF91-8F01A51E5C69}.Debug|Any CPU.Build.0 = Debug|Any CPU
		{80CD4319-495C-4962-AF91-8F01A51E5C69}.Release|Any CPU.ActiveCfg = Release|Any CPU
		{80CD4319-495C-4962-AF91-8F01A51E5C69}.Release|Any CPU.Build.0 = Release|Any CPU
	EndGlobalSection
	GlobalSection(SolutionProperties) = preSolution
		HideSolutionNode = FALSE
	EndGlobalSection
	GlobalSection(ExtensibilityGlobals) = postSolution
		SolutionGuid = {B6272AD7-228A-4007-9AF2-E936E8DE716A}
	EndGlobalSection
EndGlobal
